// !$*UTF8*$!
{
	archiveVersion = 1;
	classes = {
	};
	objectVersion = 46;
	objects = {

/* Begin PBXBuildFile section */
		1AC4C87947BAA76E941F9D2F /* TWSessionStoreService.m in Sources */ = {isa = PBXBuildFile; fileRef = 1AC4CA92D6B39CDF7A192C2B /* TWSessionStoreService.m */; };
		360A61921889746C00951FA7 /* TWSession.m in Sources */ = {isa = PBXBuildFile; fileRef = 360A61911889746C00951FA7 /* TWSession.m */; };
		360A61981889769800951FA7 /* TWRoom.m in Sources */ = {isa = PBXBuildFile; fileRef = 360A61971889769800951FA7 /* TWRoom.m */; };
		360A619B18897A7800951FA7 /* TWSessionAPIService.m in Sources */ = {isa = PBXBuildFile; fileRef = 360A619A18897A7800951FA7 /* TWSessionAPIService.m */; };
		360A619E188A3CAD00951FA7 /* TWSpeaker.m in Sources */ = {isa = PBXBuildFile; fileRef = 360A619D188A3CAD00951FA7 /* TWSpeaker.m */; };
		360A61A2188A5B5300951FA7 /* TWSpeakersAPIService.m in Sources */ = {isa = PBXBuildFile; fileRef = 360A61A1188A5B5300951FA7 /* TWSpeakersAPIService.m */; };
		360A61AA188AD37100951FA7 /* MSEventCell.m in Sources */ = {isa = PBXBuildFile; fileRef = 360A61A5188AD37100951FA7 /* MSEventCell.m */; };
		360A61AB188AD37100951FA7 /* MSDayColumnHeader.m in Sources */ = {isa = PBXBuildFile; fileRef = 360A61A7188AD37100951FA7 /* MSDayColumnHeader.m */; };
		360A61AF188AE6C500951FA7 /* Room.m in Sources */ = {isa = PBXBuildFile; fileRef = 360A61AE188AE6C500951FA7 /* Room.m */; };
		360A61B2188AE6C500951FA7 /* Session.m in Sources */ = {isa = PBXBuildFile; fileRef = 360A61B1188AE6C500951FA7 /* Session.m */; };
		360A61B5188AE6C600951FA7 /* Speaker.m in Sources */ = {isa = PBXBuildFile; fileRef = 360A61B4188AE6C600951FA7 /* Speaker.m */; };
		360A61D3188AE94600951FA7 /* MSGridline.m in Sources */ = {isa = PBXBuildFile; fileRef = 360A61C9188AE94600951FA7 /* MSGridline.m */; };
		360A61D4188AE94600951FA7 /* MSDayColumnHeaderBackground.m in Sources */ = {isa = PBXBuildFile; fileRef = 360A61CB188AE94600951FA7 /* MSDayColumnHeaderBackground.m */; };
		360A61D6188AE94600951FA7 /* MSCurrentTimeGridline.m in Sources */ = {isa = PBXBuildFile; fileRef = 360A61CF188AE94600951FA7 /* MSCurrentTimeGridline.m */; };
		360A61D9188AE9EB00951FA7 /* MSTimeRowHeader.m in Sources */ = {isa = PBXBuildFile; fileRef = 360A61D7188AE9EB00951FA7 /* MSTimeRowHeader.m */; };
		360A61DC188AEA3200951FA7 /* MSCurrentTimeIndicator.m in Sources */ = {isa = PBXBuildFile; fileRef = 360A61DA188AEA3200951FA7 /* MSCurrentTimeIndicator.m */; };
		360A61DF188AEA4300951FA7 /* MSTimeRowHeaderBackground.m in Sources */ = {isa = PBXBuildFile; fileRef = 360A61DD188AEA4300951FA7 /* MSTimeRowHeaderBackground.m */; };
		362C49521875438000950782 /* Foundation.framework in Frameworks */ = {isa = PBXBuildFile; fileRef = 362C49511875438000950782 /* Foundation.framework */; };
		362C49541875438000950782 /* CoreGraphics.framework in Frameworks */ = {isa = PBXBuildFile; fileRef = 362C49531875438000950782 /* CoreGraphics.framework */; };
		362C49561875438000950782 /* UIKit.framework in Frameworks */ = {isa = PBXBuildFile; fileRef = 362C49551875438000950782 /* UIKit.framework */; };
		362C49581875438000950782 /* CoreData.framework in Frameworks */ = {isa = PBXBuildFile; fileRef = 362C49571875438000950782 /* CoreData.framework */; };
		362C495E1875438000950782 /* InfoPlist.strings in Resources */ = {isa = PBXBuildFile; fileRef = 362C495C1875438000950782 /* InfoPlist.strings */; };
		362C49601875438000950782 /* main.m in Sources */ = {isa = PBXBuildFile; fileRef = 362C495F1875438000950782 /* main.m */; };
		362C49641875438000950782 /* TWAppDelegate.m in Sources */ = {isa = PBXBuildFile; fileRef = 362C49631875438000950782 /* TWAppDelegate.m */; };
		362C49671875438000950782 /* Pan_Africa_Away_Day.xcdatamodeld in Sources */ = {isa = PBXBuildFile; fileRef = 362C49651875438000950782 /* Pan_Africa_Away_Day.xcdatamodeld */; };
		362C49691875438000950782 /* Images.xcassets in Resources */ = {isa = PBXBuildFile; fileRef = 362C49681875438000950782 /* Images.xcassets */; };
		362C49701875438000950782 /* XCTest.framework in Frameworks */ = {isa = PBXBuildFile; fileRef = 362C496F1875438000950782 /* XCTest.framework */; };
		362C49711875438000950782 /* Foundation.framework in Frameworks */ = {isa = PBXBuildFile; fileRef = 362C49511875438000950782 /* Foundation.framework */; };
		362C49721875438000950782 /* UIKit.framework in Frameworks */ = {isa = PBXBuildFile; fileRef = 362C49551875438000950782 /* UIKit.framework */; };
		362C49731875438000950782 /* CoreData.framework in Frameworks */ = {isa = PBXBuildFile; fileRef = 362C49571875438000950782 /* CoreData.framework */; };
		362C497B1875438000950782 /* InfoPlist.strings in Resources */ = {isa = PBXBuildFile; fileRef = 362C49791875438000950782 /* InfoPlist.strings */; };
		36811FDC189D22AC0062E12B /* TWHomeViewController.m in Sources */ = {isa = PBXBuildFile; fileRef = 36811FDA189D22AC0062E12B /* TWHomeViewController.m */; };
		36811FDD189D22AC0062E12B /* TWHomeViewController.xib in Resources */ = {isa = PBXBuildFile; fileRef = 36811FDB189D22AC0062E12B /* TWHomeViewController.xib */; };
		36811FDF189D25190062E12B /* TWSessionsView.xib in Resources */ = {isa = PBXBuildFile; fileRef = 36811FDE189D25190062E12B /* TWSessionsView.xib */; };
		36811FE1189D2BDA0062E12B /* TWSpeakersView.xib in Resources */ = {isa = PBXBuildFile; fileRef = 36811FE0189D2BDA0062E12B /* TWSpeakersView.xib */; };
		368176EB18769C1500494B5E /* TWMenuViewControllerSpec.m in Sources */ = {isa = PBXBuildFile; fileRef = 368176EA18769C1500494B5E /* TWMenuViewControllerSpec.m */; };
		36E94620187580090003D526 /* TWSessionsViewController.m in Sources */ = {isa = PBXBuildFile; fileRef = 36E9461F187580090003D526 /* TWSessionsViewController.m */; };
		36E94623187580200003D526 /* TWSpeakersViewController.m in Sources */ = {isa = PBXBuildFile; fileRef = 36E94622187580200003D526 /* TWSpeakersViewController.m */; };
		36E94626187580330003D526 /* TWInformationViewController.m in Sources */ = {isa = PBXBuildFile; fileRef = 36E94625187580330003D526 /* TWInformationViewController.m */; };
		36F873D41876B3EC006C022A /* MobileCoreServices.framework in Frameworks */ = {isa = PBXBuildFile; fileRef = 36F873D31876B3EC006C022A /* MobileCoreServices.framework */; };
		36F873D61876B3F3006C022A /* SystemConfiguration.framework in Frameworks */ = {isa = PBXBuildFile; fileRef = 36F873D51876B3F3006C022A /* SystemConfiguration.framework */; };
		36F873D81876B40E006C022A /* CFNetwork.framework in Frameworks */ = {isa = PBXBuildFile; fileRef = 36F873D71876B40E006C022A /* CFNetwork.framework */; };
		36F873DA1876B420006C022A /* Security.framework in Frameworks */ = {isa = PBXBuildFile; fileRef = 36F873D91876B420006C022A /* Security.framework */; };
		69AEFA4A500246E0A73E4A25 /* libPods-Away Day 2014Tests.a in Frameworks */ = {isa = PBXBuildFile; fileRef = 66B5541BEF44409BAABFBC9B /* libPods-Away Day 2014Tests.a */; };
		D50C08EA80E94E588FF3DF42 /* libPods-Away Day 2014.a in Frameworks */ = {isa = PBXBuildFile; fileRef = 53FC2BBA16834824872367AB /* libPods-Away Day 2014.a */; };
/* End PBXBuildFile section */

/* Begin PBXContainerItemProxy section */
		362C49741875438000950782 /* PBXContainerItemProxy */ = {
			isa = PBXContainerItemProxy;
			containerPortal = 362C49461875437F00950782 /* Project object */;
			proxyType = 1;
			remoteGlobalIDString = 362C494D1875437F00950782;
			remoteInfo = "Pan Africa Away Day";
		};
/* End PBXContainerItemProxy section */

/* Begin PBXFileReference section */
		150F1788DD504C9FBC4E804C /* libPods-Pan Africa Away Day.a */ = {isa = PBXFileReference; explicitFileType = archive.ar; includeInIndex = 0; path = "libPods-Pan Africa Away Day.a"; sourceTree = BUILT_PRODUCTS_DIR; };
		1742C2E308974284B044FE92 /* Pods-Pan Africa Away DayTests.xcconfig */ = {isa = PBXFileReference; includeInIndex = 1; lastKnownFileType = text.xcconfig; name = "Pods-Pan Africa Away DayTests.xcconfig"; path = "Pods/Pods-Pan Africa Away DayTests.xcconfig"; sourceTree = "<group>"; };
		1AC4C64D0E2946050D1656CA /* TWSessionStoreService.h */ = {isa = PBXFileReference; fileEncoding = 4; lastKnownFileType = sourcecode.c.h; path = TWSessionStoreService.h; sourceTree = "<group>"; };
		1AC4CA92D6B39CDF7A192C2B /* TWSessionStoreService.m */ = {isa = PBXFileReference; fileEncoding = 4; lastKnownFileType = sourcecode.c.objc; path = TWSessionStoreService.m; sourceTree = "<group>"; };
		360A61901889746C00951FA7 /* TWSession.h */ = {isa = PBXFileReference; fileEncoding = 4; lastKnownFileType = sourcecode.c.h; path = TWSession.h; sourceTree = "<group>"; };
		360A61911889746C00951FA7 /* TWSession.m */ = {isa = PBXFileReference; fileEncoding = 4; lastKnownFileType = sourcecode.c.objc; path = TWSession.m; sourceTree = "<group>"; };
		360A61961889769800951FA7 /* TWRoom.h */ = {isa = PBXFileReference; fileEncoding = 4; lastKnownFileType = sourcecode.c.h; path = TWRoom.h; sourceTree = "<group>"; };
		360A61971889769800951FA7 /* TWRoom.m */ = {isa = PBXFileReference; fileEncoding = 4; lastKnownFileType = sourcecode.c.objc; path = TWRoom.m; sourceTree = "<group>"; };
		360A619918897A7800951FA7 /* TWSessionAPIService.h */ = {isa = PBXFileReference; fileEncoding = 4; lastKnownFileType = sourcecode.c.h; path = TWSessionAPIService.h; sourceTree = "<group>"; };
		360A619A18897A7800951FA7 /* TWSessionAPIService.m */ = {isa = PBXFileReference; fileEncoding = 4; lastKnownFileType = sourcecode.c.objc; path = TWSessionAPIService.m; sourceTree = "<group>"; };
		360A619C188A3CAD00951FA7 /* TWSpeaker.h */ = {isa = PBXFileReference; fileEncoding = 4; lastKnownFileType = sourcecode.c.h; path = TWSpeaker.h; sourceTree = "<group>"; };
		360A619D188A3CAD00951FA7 /* TWSpeaker.m */ = {isa = PBXFileReference; fileEncoding = 4; lastKnownFileType = sourcecode.c.objc; path = TWSpeaker.m; sourceTree = "<group>"; };
		360A61A0188A5B5300951FA7 /* TWSpeakersAPIService.h */ = {isa = PBXFileReference; fileEncoding = 4; lastKnownFileType = sourcecode.c.h; path = TWSpeakersAPIService.h; sourceTree = "<group>"; };
		360A61A1188A5B5300951FA7 /* TWSpeakersAPIService.m */ = {isa = PBXFileReference; fileEncoding = 4; lastKnownFileType = sourcecode.c.objc; path = TWSpeakersAPIService.m; sourceTree = "<group>"; };
		360A61A5188AD37100951FA7 /* MSEventCell.m */ = {isa = PBXFileReference; fileEncoding = 4; lastKnownFileType = sourcecode.c.objc; path = MSEventCell.m; sourceTree = "<group>"; };
		360A61A6188AD37100951FA7 /* MSEventCell.h */ = {isa = PBXFileReference; fileEncoding = 4; lastKnownFileType = sourcecode.c.h; path = MSEventCell.h; sourceTree = "<group>"; };
		360A61A7188AD37100951FA7 /* MSDayColumnHeader.m */ = {isa = PBXFileReference; fileEncoding = 4; lastKnownFileType = sourcecode.c.objc; path = MSDayColumnHeader.m; sourceTree = "<group>"; };
		360A61A8188AD37100951FA7 /* MSDayColumnHeader.h */ = {isa = PBXFileReference; fileEncoding = 4; lastKnownFileType = sourcecode.c.h; path = MSDayColumnHeader.h; sourceTree = "<group>"; };
		360A61AD188AE6C500951FA7 /* Room.h */ = {isa = PBXFileReference; fileEncoding = 4; lastKnownFileType = sourcecode.c.h; path = Room.h; sourceTree = "<group>"; };
		360A61AE188AE6C500951FA7 /* Room.m */ = {isa = PBXFileReference; fileEncoding = 4; lastKnownFileType = sourcecode.c.objc; path = Room.m; sourceTree = "<group>"; };
		360A61B0188AE6C500951FA7 /* Session.h */ = {isa = PBXFileReference; fileEncoding = 4; lastKnownFileType = sourcecode.c.h; path = Session.h; sourceTree = "<group>"; };
		360A61B1188AE6C500951FA7 /* Session.m */ = {isa = PBXFileReference; fileEncoding = 4; lastKnownFileType = sourcecode.c.objc; path = Session.m; sourceTree = "<group>"; };
		360A61B3188AE6C600951FA7 /* Speaker.h */ = {isa = PBXFileReference; fileEncoding = 4; lastKnownFileType = sourcecode.c.h; path = Speaker.h; sourceTree = "<group>"; };
		360A61B4188AE6C600951FA7 /* Speaker.m */ = {isa = PBXFileReference; fileEncoding = 4; lastKnownFileType = sourcecode.c.objc; path = Speaker.m; sourceTree = "<group>"; };
		360A61C9188AE94600951FA7 /* MSGridline.m */ = {isa = PBXFileReference; fileEncoding = 4; lastKnownFileType = sourcecode.c.objc; path = MSGridline.m; sourceTree = "<group>"; };
		360A61CA188AE94600951FA7 /* MSGridline.h */ = {isa = PBXFileReference; fileEncoding = 4; lastKnownFileType = sourcecode.c.h; path = MSGridline.h; sourceTree = "<group>"; };
		360A61CB188AE94600951FA7 /* MSDayColumnHeaderBackground.m */ = {isa = PBXFileReference; fileEncoding = 4; lastKnownFileType = sourcecode.c.objc; path = MSDayColumnHeaderBackground.m; sourceTree = "<group>"; };
		360A61CC188AE94600951FA7 /* MSDayColumnHeaderBackground.h */ = {isa = PBXFileReference; fileEncoding = 4; lastKnownFileType = sourcecode.c.h; path = MSDayColumnHeaderBackground.h; sourceTree = "<group>"; };
		360A61CF188AE94600951FA7 /* MSCurrentTimeGridline.m */ = {isa = PBXFileReference; fileEncoding = 4; lastKnownFileType = sourcecode.c.objc; path = MSCurrentTimeGridline.m; sourceTree = "<group>"; };
		360A61D0188AE94600951FA7 /* MSCurrentTimeGridline.h */ = {isa = PBXFileReference; fileEncoding = 4; lastKnownFileType = sourcecode.c.h; path = MSCurrentTimeGridline.h; sourceTree = "<group>"; };
		360A61D7188AE9EB00951FA7 /* MSTimeRowHeader.m */ = {isa = PBXFileReference; fileEncoding = 4; lastKnownFileType = sourcecode.c.objc; path = MSTimeRowHeader.m; sourceTree = "<group>"; };
		360A61D8188AE9EB00951FA7 /* MSTimeRowHeader.h */ = {isa = PBXFileReference; fileEncoding = 4; lastKnownFileType = sourcecode.c.h; path = MSTimeRowHeader.h; sourceTree = "<group>"; };
		360A61DA188AEA3200951FA7 /* MSCurrentTimeIndicator.m */ = {isa = PBXFileReference; fileEncoding = 4; lastKnownFileType = sourcecode.c.objc; path = MSCurrentTimeIndicator.m; sourceTree = "<group>"; };
		360A61DB188AEA3200951FA7 /* MSCurrentTimeIndicator.h */ = {isa = PBXFileReference; fileEncoding = 4; lastKnownFileType = sourcecode.c.h; path = MSCurrentTimeIndicator.h; sourceTree = "<group>"; };
		360A61DD188AEA4300951FA7 /* MSTimeRowHeaderBackground.m */ = {isa = PBXFileReference; fileEncoding = 4; lastKnownFileType = sourcecode.c.objc; path = MSTimeRowHeaderBackground.m; sourceTree = "<group>"; };
		360A61DE188AEA4300951FA7 /* MSTimeRowHeaderBackground.h */ = {isa = PBXFileReference; fileEncoding = 4; lastKnownFileType = sourcecode.c.h; path = MSTimeRowHeaderBackground.h; sourceTree = "<group>"; };
		362C494E1875438000950782 /* Away Day 2014.app */ = {isa = PBXFileReference; explicitFileType = wrapper.application; includeInIndex = 0; path = "Away Day 2014.app"; sourceTree = BUILT_PRODUCTS_DIR; };
		362C49511875438000950782 /* Foundation.framework */ = {isa = PBXFileReference; lastKnownFileType = wrapper.framework; name = Foundation.framework; path = System/Library/Frameworks/Foundation.framework; sourceTree = SDKROOT; };
		362C49531875438000950782 /* CoreGraphics.framework */ = {isa = PBXFileReference; lastKnownFileType = wrapper.framework; name = CoreGraphics.framework; path = System/Library/Frameworks/CoreGraphics.framework; sourceTree = SDKROOT; };
		362C49551875438000950782 /* UIKit.framework */ = {isa = PBXFileReference; lastKnownFileType = wrapper.framework; name = UIKit.framework; path = System/Library/Frameworks/UIKit.framework; sourceTree = SDKROOT; };
		362C49571875438000950782 /* CoreData.framework */ = {isa = PBXFileReference; lastKnownFileType = wrapper.framework; name = CoreData.framework; path = System/Library/Frameworks/CoreData.framework; sourceTree = SDKROOT; };
		362C495B1875438000950782 /* Away Day 2014-Info.plist */ = {isa = PBXFileReference; lastKnownFileType = text.plist.xml; path = "Away Day 2014-Info.plist"; sourceTree = "<group>"; };
		362C495D1875438000950782 /* en */ = {isa = PBXFileReference; lastKnownFileType = text.plist.strings; name = en; path = en.lproj/InfoPlist.strings; sourceTree = "<group>"; };
		362C495F1875438000950782 /* main.m */ = {isa = PBXFileReference; lastKnownFileType = sourcecode.c.objc; path = main.m; sourceTree = "<group>"; };
		362C49611875438000950782 /* Away Day 2014-Prefix.pch */ = {isa = PBXFileReference; lastKnownFileType = sourcecode.c.h; path = "Away Day 2014-Prefix.pch"; sourceTree = "<group>"; };
		362C49621875438000950782 /* TWAppDelegate.h */ = {isa = PBXFileReference; lastKnownFileType = sourcecode.c.h; path = TWAppDelegate.h; sourceTree = "<group>"; };
		362C49631875438000950782 /* TWAppDelegate.m */ = {isa = PBXFileReference; lastKnownFileType = sourcecode.c.objc; path = TWAppDelegate.m; sourceTree = "<group>"; };
		362C49661875438000950782 /* Pan_Africa_Away_Day.xcdatamodel */ = {isa = PBXFileReference; lastKnownFileType = wrapper.xcdatamodel; path = Pan_Africa_Away_Day.xcdatamodel; sourceTree = "<group>"; };
		362C49681875438000950782 /* Images.xcassets */ = {isa = PBXFileReference; lastKnownFileType = folder.assetcatalog; path = Images.xcassets; sourceTree = "<group>"; };
		362C496E1875438000950782 /* Away Day 2014Tests.xctest */ = {isa = PBXFileReference; explicitFileType = wrapper.cfbundle; includeInIndex = 0; path = "Away Day 2014Tests.xctest"; sourceTree = BUILT_PRODUCTS_DIR; };
		362C496F1875438000950782 /* XCTest.framework */ = {isa = PBXFileReference; lastKnownFileType = wrapper.framework; name = XCTest.framework; path = Library/Frameworks/XCTest.framework; sourceTree = DEVELOPER_DIR; };
		362C49781875438000950782 /* Away Day 2014Tests-Info.plist */ = {isa = PBXFileReference; lastKnownFileType = text.plist.xml; path = "Away Day 2014Tests-Info.plist"; sourceTree = "<group>"; };
		362C497A1875438000950782 /* en */ = {isa = PBXFileReference; lastKnownFileType = text.plist.strings; name = en; path = en.lproj/InfoPlist.strings; sourceTree = "<group>"; };
		36811FD9189D22AC0062E12B /* TWHomeViewController.h */ = {isa = PBXFileReference; fileEncoding = 4; lastKnownFileType = sourcecode.c.h; path = TWHomeViewController.h; sourceTree = "<group>"; };
		36811FDA189D22AC0062E12B /* TWHomeViewController.m */ = {isa = PBXFileReference; fileEncoding = 4; lastKnownFileType = sourcecode.c.objc; path = TWHomeViewController.m; sourceTree = "<group>"; };
		36811FDB189D22AC0062E12B /* TWHomeViewController.xib */ = {isa = PBXFileReference; fileEncoding = 4; lastKnownFileType = file.xib; path = TWHomeViewController.xib; sourceTree = "<group>"; };
		36811FDE189D25190062E12B /* TWSessionsView.xib */ = {isa = PBXFileReference; fileEncoding = 4; lastKnownFileType = file.xib; path = TWSessionsView.xib; sourceTree = "<group>"; };
		36811FE0189D2BDA0062E12B /* TWSpeakersView.xib */ = {isa = PBXFileReference; fileEncoding = 4; lastKnownFileType = file.xib; path = TWSpeakersView.xib; sourceTree = "<group>"; };
		368176EA18769C1500494B5E /* TWMenuViewControllerSpec.m */ = {isa = PBXFileReference; fileEncoding = 4; lastKnownFileType = sourcecode.c.objc; path = TWMenuViewControllerSpec.m; sourceTree = "<group>"; };
		36E9461E187580090003D526 /* TWSessionsViewController.h */ = {isa = PBXFileReference; fileEncoding = 4; lastKnownFileType = sourcecode.c.h; path = TWSessionsViewController.h; sourceTree = "<group>"; };
		36E9461F187580090003D526 /* TWSessionsViewController.m */ = {isa = PBXFileReference; fileEncoding = 4; lastKnownFileType = sourcecode.c.objc; path = TWSessionsViewController.m; sourceTree = "<group>"; };
		36E94621187580200003D526 /* TWSpeakersViewController.h */ = {isa = PBXFileReference; fileEncoding = 4; lastKnownFileType = sourcecode.c.h; path = TWSpeakersViewController.h; sourceTree = "<group>"; };
		36E94622187580200003D526 /* TWSpeakersViewController.m */ = {isa = PBXFileReference; fileEncoding = 4; lastKnownFileType = sourcecode.c.objc; path = TWSpeakersViewController.m; sourceTree = "<group>"; };
		36E94624187580330003D526 /* TWInformationViewController.h */ = {isa = PBXFileReference; fileEncoding = 4; lastKnownFileType = sourcecode.c.h; path = TWInformationViewController.h; sourceTree = "<group>"; };
		36E94625187580330003D526 /* TWInformationViewController.m */ = {isa = PBXFileReference; fileEncoding = 4; lastKnownFileType = sourcecode.c.objc; path = TWInformationViewController.m; sourceTree = "<group>"; };
		36F873D31876B3EC006C022A /* MobileCoreServices.framework */ = {isa = PBXFileReference; lastKnownFileType = wrapper.framework; name = MobileCoreServices.framework; path = System/Library/Frameworks/MobileCoreServices.framework; sourceTree = SDKROOT; };
		36F873D51876B3F3006C022A /* SystemConfiguration.framework */ = {isa = PBXFileReference; lastKnownFileType = wrapper.framework; name = SystemConfiguration.framework; path = System/Library/Frameworks/SystemConfiguration.framework; sourceTree = SDKROOT; };
		36F873D71876B40E006C022A /* CFNetwork.framework */ = {isa = PBXFileReference; lastKnownFileType = wrapper.framework; name = CFNetwork.framework; path = System/Library/Frameworks/CFNetwork.framework; sourceTree = SDKROOT; };
		36F873D91876B420006C022A /* Security.framework */ = {isa = PBXFileReference; lastKnownFileType = wrapper.framework; name = Security.framework; path = System/Library/Frameworks/Security.framework; sourceTree = SDKROOT; };
		44DE0F2D5D9A433EBF375A6C /* Pods-Away Day 2014.xcconfig */ = {isa = PBXFileReference; includeInIndex = 1; lastKnownFileType = text.xcconfig; name = "Pods-Away Day 2014.xcconfig"; path = "Pods/Pods-Away Day 2014.xcconfig"; sourceTree = "<group>"; };
		482D9AB11B1D429490A286B9 /* Pods-Away Day 2014Tests.xcconfig */ = {isa = PBXFileReference; includeInIndex = 1; lastKnownFileType = text.xcconfig; name = "Pods-Away Day 2014Tests.xcconfig"; path = "Pods/Pods-Away Day 2014Tests.xcconfig"; sourceTree = "<group>"; };
		53FC2BBA16834824872367AB /* libPods-Away Day 2014.a */ = {isa = PBXFileReference; explicitFileType = archive.ar; includeInIndex = 0; path = "libPods-Away Day 2014.a"; sourceTree = BUILT_PRODUCTS_DIR; };
		64EA8AEEC3034A8CA9486ADE /* libPods-Pan Africa Away DayTests.a */ = {isa = PBXFileReference; explicitFileType = archive.ar; includeInIndex = 0; path = "libPods-Pan Africa Away DayTests.a"; sourceTree = BUILT_PRODUCTS_DIR; };
		66B5541BEF44409BAABFBC9B /* libPods-Away Day 2014Tests.a */ = {isa = PBXFileReference; explicitFileType = archive.ar; includeInIndex = 0; path = "libPods-Away Day 2014Tests.a"; sourceTree = BUILT_PRODUCTS_DIR; };
		A2052D41429441F38B6288E3 /* Pods-Pan Africa Away Day.xcconfig */ = {isa = PBXFileReference; includeInIndex = 1; lastKnownFileType = text.xcconfig; name = "Pods-Pan Africa Away Day.xcconfig"; path = "Pods/Pods-Pan Africa Away Day.xcconfig"; sourceTree = "<group>"; };
/* End PBXFileReference section */

/* Begin PBXFrameworksBuildPhase section */
		362C494B1875437F00950782 /* Frameworks */ = {
			isa = PBXFrameworksBuildPhase;
			buildActionMask = 2147483647;
			files = (
				36F873DA1876B420006C022A /* Security.framework in Frameworks */,
				36F873D81876B40E006C022A /* CFNetwork.framework in Frameworks */,
				36F873D61876B3F3006C022A /* SystemConfiguration.framework in Frameworks */,
				36F873D41876B3EC006C022A /* MobileCoreServices.framework in Frameworks */,
				362C49541875438000950782 /* CoreGraphics.framework in Frameworks */,
				362C49581875438000950782 /* CoreData.framework in Frameworks */,
				362C49561875438000950782 /* UIKit.framework in Frameworks */,
				362C49521875438000950782 /* Foundation.framework in Frameworks */,
				D50C08EA80E94E588FF3DF42 /* libPods-Away Day 2014.a in Frameworks */,
			);
			runOnlyForDeploymentPostprocessing = 0;
		};
		362C496B1875438000950782 /* Frameworks */ = {
			isa = PBXFrameworksBuildPhase;
			buildActionMask = 2147483647;
			files = (
				362C49701875438000950782 /* XCTest.framework in Frameworks */,
				362C49731875438000950782 /* CoreData.framework in Frameworks */,
				362C49721875438000950782 /* UIKit.framework in Frameworks */,
				362C49711875438000950782 /* Foundation.framework in Frameworks */,
				69AEFA4A500246E0A73E4A25 /* libPods-Away Day 2014Tests.a in Frameworks */,
			);
			runOnlyForDeploymentPostprocessing = 0;
		};
/* End PBXFrameworksBuildPhase section */

/* Begin PBXGroup section */
		1AC4C94A1B500958DDBAABF7 /* helpers */ = {
			isa = PBXGroup;
			children = (
				360A61C9188AE94600951FA7 /* MSGridline.m */,
				360A61D7188AE9EB00951FA7 /* MSTimeRowHeader.m */,
				360A61D8188AE9EB00951FA7 /* MSTimeRowHeader.h */,
				360A61CA188AE94600951FA7 /* MSGridline.h */,
				360A61CB188AE94600951FA7 /* MSDayColumnHeaderBackground.m */,
				360A61DD188AEA4300951FA7 /* MSTimeRowHeaderBackground.m */,
				360A61DE188AEA4300951FA7 /* MSTimeRowHeaderBackground.h */,
				360A61DA188AEA3200951FA7 /* MSCurrentTimeIndicator.m */,
				360A61DB188AEA3200951FA7 /* MSCurrentTimeIndicator.h */,
				360A61CC188AE94600951FA7 /* MSDayColumnHeaderBackground.h */,
				360A61CF188AE94600951FA7 /* MSCurrentTimeGridline.m */,
				360A61D0188AE94600951FA7 /* MSCurrentTimeGridline.h */,
				360A61A5188AD37100951FA7 /* MSEventCell.m */,
				360A61A6188AD37100951FA7 /* MSEventCell.h */,
				360A61A7188AD37100951FA7 /* MSDayColumnHeader.m */,
				360A61A8188AD37100951FA7 /* MSDayColumnHeader.h */,
			);
			name = helpers;
			sourceTree = "<group>";
		};
		360A618E188972B800951FA7 /* controllers */ = {
			isa = PBXGroup;
			children = (
				36E9461E187580090003D526 /* TWSessionsViewController.h */,
				36E9461F187580090003D526 /* TWSessionsViewController.m */,
				36E94621187580200003D526 /* TWSpeakersViewController.h */,
				36E94622187580200003D526 /* TWSpeakersViewController.m */,
				36E94624187580330003D526 /* TWInformationViewController.h */,
				36E94625187580330003D526 /* TWInformationViewController.m */,
				36811FD9189D22AC0062E12B /* TWHomeViewController.h */,
				36811FDA189D22AC0062E12B /* TWHomeViewController.m */,
				36811FDB189D22AC0062E12B /* TWHomeViewController.xib */,
				36811FDE189D25190062E12B /* TWSessionsView.xib */,
				36811FE0189D2BDA0062E12B /* TWSpeakersView.xib */,
			);
			name = controllers;
			sourceTree = "<group>";
		};
		360A618F188973AF00951FA7 /* models */ = {
			isa = PBXGroup;
			children = (
				360A61AC188AE67C00951FA7 /* coredata */,
				360A61901889746C00951FA7 /* TWSession.h */,
				360A61911889746C00951FA7 /* TWSession.m */,
				360A61961889769800951FA7 /* TWRoom.h */,
				360A61971889769800951FA7 /* TWRoom.m */,
				360A619C188A3CAD00951FA7 /* TWSpeaker.h */,
				360A619D188A3CAD00951FA7 /* TWSpeaker.m */,
			);
			name = models;
			sourceTree = "<group>";
		};
		360A619F188A3D5D00951FA7 /* services */ = {
			isa = PBXGroup;
			children = (
				360A619918897A7800951FA7 /* TWSessionAPIService.h */,
				360A619A18897A7800951FA7 /* TWSessionAPIService.m */,
				360A61A0188A5B5300951FA7 /* TWSpeakersAPIService.h */,
				360A61A1188A5B5300951FA7 /* TWSpeakersAPIService.m */,
				1AC4CA92D6B39CDF7A192C2B /* TWSessionStoreService.m */,
				1AC4C64D0E2946050D1656CA /* TWSessionStoreService.h */,
			);
			name = services;
			sourceTree = "<group>";
		};
		360A61AC188AE67C00951FA7 /* coredata */ = {
			isa = PBXGroup;
			children = (
				360A61B3188AE6C600951FA7 /* Speaker.h */,
				360A61B4188AE6C600951FA7 /* Speaker.m */,
				360A61B0188AE6C500951FA7 /* Session.h */,
				360A61B1188AE6C500951FA7 /* Session.m */,
				360A61AD188AE6C500951FA7 /* Room.h */,
				360A61AE188AE6C500951FA7 /* Room.m */,
			);
			name = coredata;
			sourceTree = "<group>";
		};
		362C49451875437F00950782 = {
			isa = PBXGroup;
			children = (
				362C49591875438000950782 /* Away Day 2014 */,
				362C49761875438000950782 /* Tests */,
				362C49501875438000950782 /* Frameworks */,
				362C494F1875438000950782 /* Products */,
				A2052D41429441F38B6288E3 /* Pods-Pan Africa Away Day.xcconfig */,
				1742C2E308974284B044FE92 /* Pods-Pan Africa Away DayTests.xcconfig */,
				44DE0F2D5D9A433EBF375A6C /* Pods-Away Day 2014.xcconfig */,
				482D9AB11B1D429490A286B9 /* Pods-Away Day 2014Tests.xcconfig */,
			);
			sourceTree = "<group>";
		};
		362C494F1875438000950782 /* Products */ = {
			isa = PBXGroup;
			children = (
				362C494E1875438000950782 /* Away Day 2014.app */,
				362C496E1875438000950782 /* Away Day 2014Tests.xctest */,
			);
			name = Products;
			sourceTree = "<group>";
		};
		362C49501875438000950782 /* Frameworks */ = {
			isa = PBXGroup;
			children = (
				36F873D91876B420006C022A /* Security.framework */,
				36F873D71876B40E006C022A /* CFNetwork.framework */,
				36F873D51876B3F3006C022A /* SystemConfiguration.framework */,
				36F873D31876B3EC006C022A /* MobileCoreServices.framework */,
				362C49511875438000950782 /* Foundation.framework */,
				362C49531875438000950782 /* CoreGraphics.framework */,
				362C49551875438000950782 /* UIKit.framework */,
				362C49571875438000950782 /* CoreData.framework */,
				362C496F1875438000950782 /* XCTest.framework */,
				150F1788DD504C9FBC4E804C /* libPods-Pan Africa Away Day.a */,
				64EA8AEEC3034A8CA9486ADE /* libPods-Pan Africa Away DayTests.a */,
				53FC2BBA16834824872367AB /* libPods-Away Day 2014.a */,
				66B5541BEF44409BAABFBC9B /* libPods-Away Day 2014Tests.a */,
			);
			name = Frameworks;
			sourceTree = "<group>";
		};
		362C49591875438000950782 /* Away Day 2014 */ = {
			isa = PBXGroup;
			children = (
				362C49CD18756A6600950782 /* classes */,
				362C49681875438000950782 /* Images.xcassets */,
				362C49651875438000950782 /* Pan_Africa_Away_Day.xcdatamodeld */,
				362C495A1875438000950782 /* Supporting Files */,
			);
			name = "Away Day 2014";
			path = "Pan Africa Away Day";
			sourceTree = "<group>";
		};
		362C495A1875438000950782 /* Supporting Files */ = {
			isa = PBXGroup;
			children = (
				362C495B1875438000950782 /* Away Day 2014-Info.plist */,
				362C495C1875438000950782 /* InfoPlist.strings */,
				362C495F1875438000950782 /* main.m */,
				362C49611875438000950782 /* Away Day 2014-Prefix.pch */,
			);
			name = "Supporting Files";
			sourceTree = "<group>";
		};
		362C49761875438000950782 /* Tests */ = {
			isa = PBXGroup;
			children = (
				368176E9187699F300494B5E /* specs */,
				362C49771875438000950782 /* Supporting Files */,
			);
			name = Tests;
			path = "Pan Africa Away DayTests";
			sourceTree = "<group>";
		};
		362C49771875438000950782 /* Supporting Files */ = {
			isa = PBXGroup;
			children = (
				362C49781875438000950782 /* Away Day 2014Tests-Info.plist */,
				362C49791875438000950782 /* InfoPlist.strings */,
			);
			name = "Supporting Files";
			sourceTree = "<group>";
		};
		362C49CD18756A6600950782 /* classes */ = {
			isa = PBXGroup;
			children = (
				360A619F188A3D5D00951FA7 /* services */,
				360A618F188973AF00951FA7 /* models */,
				360A618E188972B800951FA7 /* controllers */,
				362C49621875438000950782 /* TWAppDelegate.h */,
				362C49631875438000950782 /* TWAppDelegate.m */,
				1AC4C94A1B500958DDBAABF7 /* helpers */,
			);
			name = classes;
			sourceTree = "<group>";
		};
		368176E9187699F300494B5E /* specs */ = {
			isa = PBXGroup;
			children = (
				368176EA18769C1500494B5E /* TWMenuViewControllerSpec.m */,
			);
			name = specs;
			sourceTree = "<group>";
		};
/* End PBXGroup section */

/* Begin PBXNativeTarget section */
		362C494D1875437F00950782 /* Away Day 2014 */ = {
			isa = PBXNativeTarget;
			buildConfigurationList = 362C49801875438000950782 /* Build configuration list for PBXNativeTarget "Away Day 2014" */;
			buildPhases = (
				8D0575ECE36B47AAAB5DACD2 /* Check Pods Manifest.lock */,
				362C494A1875437F00950782 /* Sources */,
				362C494B1875437F00950782 /* Frameworks */,
				362C494C1875437F00950782 /* Resources */,
				488E171F081D482E9E55FA0A /* Copy Pods Resources */,
			);
			buildRules = (
			);
			dependencies = (
			);
			name = "Away Day 2014";
			productName = "Pan Africa Away Day";
			productReference = 362C494E1875438000950782 /* Away Day 2014.app */;
			productType = "com.apple.product-type.application";
		};
		362C496D1875438000950782 /* Away Day 2014Tests */ = {
			isa = PBXNativeTarget;
			buildConfigurationList = 362C49831875438000950782 /* Build configuration list for PBXNativeTarget "Away Day 2014Tests" */;
			buildPhases = (
				D5091CA739A7471A9EBB2D4C /* Check Pods Manifest.lock */,
				362C496A1875438000950782 /* Sources */,
				362C496B1875438000950782 /* Frameworks */,
				362C496C1875438000950782 /* Resources */,
				4C6A8B17ABC84E01AC1A4999 /* Copy Pods Resources */,
			);
			buildRules = (
			);
			dependencies = (
				362C49751875438000950782 /* PBXTargetDependency */,
			);
			name = "Away Day 2014Tests";
			productName = "Pan Africa Away DayTests";
			productReference = 362C496E1875438000950782 /* Away Day 2014Tests.xctest */;
			productType = "com.apple.product-type.bundle.unit-test";
		};
/* End PBXNativeTarget section */

/* Begin PBXProject section */
		362C49461875437F00950782 /* Project object */ = {
			isa = PBXProject;
			attributes = {
				CLASSPREFIX = TW;
				LastUpgradeCheck = 0500;
				ORGANIZATIONNAME = Thoughtworks;
				TargetAttributes = {
					362C494D1875437F00950782 = {
						DevelopmentTeam = 26DQ3QAS59;
					};
					362C496D1875438000950782 = {
						TestTargetID = 362C494D1875437F00950782;
					};
				};
			};
			buildConfigurationList = 362C49491875437F00950782 /* Build configuration list for PBXProject "Away Day 2014" */;
			compatibilityVersion = "Xcode 3.2";
			developmentRegion = English;
			hasScannedForEncodings = 0;
			knownRegions = (
				en,
			);
			mainGroup = 362C49451875437F00950782;
			productRefGroup = 362C494F1875438000950782 /* Products */;
			projectDirPath = "";
			projectRoot = "";
			targets = (
				362C494D1875437F00950782 /* Away Day 2014 */,
				362C496D1875438000950782 /* Away Day 2014Tests */,
			);
		};
/* End PBXProject section */

/* Begin PBXResourcesBuildPhase section */
		362C494C1875437F00950782 /* Resources */ = {
			isa = PBXResourcesBuildPhase;
			buildActionMask = 2147483647;
			files = (
				36811FDF189D25190062E12B /* TWSessionsView.xib in Resources */,
				362C495E1875438000950782 /* InfoPlist.strings in Resources */,
				36811FE1189D2BDA0062E12B /* TWSpeakersView.xib in Resources */,
				362C49691875438000950782 /* Images.xcassets in Resources */,
				36811FDD189D22AC0062E12B /* TWHomeViewController.xib in Resources */,
			);
			runOnlyForDeploymentPostprocessing = 0;
		};
		362C496C1875438000950782 /* Resources */ = {
			isa = PBXResourcesBuildPhase;
			buildActionMask = 2147483647;
			files = (
				362C497B1875438000950782 /* InfoPlist.strings in Resources */,
			);
			runOnlyForDeploymentPostprocessing = 0;
		};
/* End PBXResourcesBuildPhase section */

/* Begin PBXShellScriptBuildPhase section */
		488E171F081D482E9E55FA0A /* Copy Pods Resources */ = {
			isa = PBXShellScriptBuildPhase;
			buildActionMask = 2147483647;
			files = (
			);
			inputPaths = (
			);
			name = "Copy Pods Resources";
			outputPaths = (
			);
			runOnlyForDeploymentPostprocessing = 0;
			shellPath = /bin/sh;
			shellScript = "\"${SRCROOT}/Pods/Pods-Away Day 2014-resources.sh\"\n";
			showEnvVarsInLog = 0;
		};
		4C6A8B17ABC84E01AC1A4999 /* Copy Pods Resources */ = {
			isa = PBXShellScriptBuildPhase;
			buildActionMask = 2147483647;
			files = (
			);
			inputPaths = (
			);
			name = "Copy Pods Resources";
			outputPaths = (
			);
			runOnlyForDeploymentPostprocessing = 0;
			shellPath = /bin/sh;
			shellScript = "\"${SRCROOT}/Pods/Pods-Away Day 2014Tests-resources.sh\"\n";
			showEnvVarsInLog = 0;
		};
		8D0575ECE36B47AAAB5DACD2 /* Check Pods Manifest.lock */ = {
			isa = PBXShellScriptBuildPhase;
			buildActionMask = 2147483647;
			files = (
			);
			inputPaths = (
			);
			name = "Check Pods Manifest.lock";
			outputPaths = (
			);
			runOnlyForDeploymentPostprocessing = 0;
			shellPath = /bin/sh;
			shellScript = "diff \"${PODS_ROOT}/../Podfile.lock\" \"${PODS_ROOT}/Manifest.lock\" > /dev/null\nif [[ $? != 0 ]] ; then\n    cat << EOM\nerror: The sandbox is not in sync with the Podfile.lock. Run 'pod install' or update your CocoaPods installation.\nEOM\n    exit 1\nfi\n";
			showEnvVarsInLog = 0;
		};
		D5091CA739A7471A9EBB2D4C /* Check Pods Manifest.lock */ = {
			isa = PBXShellScriptBuildPhase;
			buildActionMask = 2147483647;
			files = (
			);
			inputPaths = (
			);
			name = "Check Pods Manifest.lock";
			outputPaths = (
			);
			runOnlyForDeploymentPostprocessing = 0;
			shellPath = /bin/sh;
			shellScript = "diff \"${PODS_ROOT}/../Podfile.lock\" \"${PODS_ROOT}/Manifest.lock\" > /dev/null\nif [[ $? != 0 ]] ; then\n    cat << EOM\nerror: The sandbox is not in sync with the Podfile.lock. Run 'pod install' or update your CocoaPods installation.\nEOM\n    exit 1\nfi\n";
			showEnvVarsInLog = 0;
		};
/* End PBXShellScriptBuildPhase section */

/* Begin PBXSourcesBuildPhase section */
		362C494A1875437F00950782 /* Sources */ = {
			isa = PBXSourcesBuildPhase;
			buildActionMask = 2147483647;
			files = (
				360A619B18897A7800951FA7 /* TWSessionAPIService.m in Sources */,
				362C49601875438000950782 /* main.m in Sources */,
				362C49641875438000950782 /* TWAppDelegate.m in Sources */,
				362C49671875438000950782 /* Pan_Africa_Away_Day.xcdatamodeld in Sources */,
				360A61D6188AE94600951FA7 /* MSCurrentTimeGridline.m in Sources */,
				360A61921889746C00951FA7 /* TWSession.m in Sources */,
				360A61AB188AD37100951FA7 /* MSDayColumnHeader.m in Sources */,
				360A61B5188AE6C600951FA7 /* Speaker.m in Sources */,
				360A61D4188AE94600951FA7 /* MSDayColumnHeaderBackground.m in Sources */,
				360A619E188A3CAD00951FA7 /* TWSpeaker.m in Sources */,
				360A61D9188AE9EB00951FA7 /* MSTimeRowHeader.m in Sources */,
				360A61AA188AD37100951FA7 /* MSEventCell.m in Sources */,
				36811FDC189D22AC0062E12B /* TWHomeViewController.m in Sources */,
				360A61A2188A5B5300951FA7 /* TWSpeakersAPIService.m in Sources */,
				36E94626187580330003D526 /* TWInformationViewController.m in Sources */,
				360A61981889769800951FA7 /* TWRoom.m in Sources */,
				36E94620187580090003D526 /* TWSessionsViewController.m in Sources */,
				360A61B2188AE6C500951FA7 /* Session.m in Sources */,
				360A61DF188AEA4300951FA7 /* MSTimeRowHeaderBackground.m in Sources */,
				36E94623187580200003D526 /* TWSpeakersViewController.m in Sources */,
				360A61D3188AE94600951FA7 /* MSGridline.m in Sources */,
				360A61AF188AE6C500951FA7 /* Room.m in Sources */,
				360A61DC188AEA3200951FA7 /* MSCurrentTimeIndicator.m in Sources */,
				1AC4C87947BAA76E941F9D2F /* TWSessionStoreService.m in Sources */,
			);
			runOnlyForDeploymentPostprocessing = 0;
		};
		362C496A1875438000950782 /* Sources */ = {
			isa = PBXSourcesBuildPhase;
			buildActionMask = 2147483647;
			files = (
				368176EB18769C1500494B5E /* TWMenuViewControllerSpec.m in Sources */,
			);
			runOnlyForDeploymentPostprocessing = 0;
		};
/* End PBXSourcesBuildPhase section */

/* Begin PBXTargetDependency section */
		362C49751875438000950782 /* PBXTargetDependency */ = {
			isa = PBXTargetDependency;
			target = 362C494D1875437F00950782 /* Away Day 2014 */;
			targetProxy = 362C49741875438000950782 /* PBXContainerItemProxy */;
		};
/* End PBXTargetDependency section */

/* Begin PBXVariantGroup section */
		362C495C1875438000950782 /* InfoPlist.strings */ = {
			isa = PBXVariantGroup;
			children = (
				362C495D1875438000950782 /* en */,
			);
			name = InfoPlist.strings;
			sourceTree = "<group>";
		};
		362C49791875438000950782 /* InfoPlist.strings */ = {
			isa = PBXVariantGroup;
			children = (
				362C497A1875438000950782 /* en */,
			);
			name = InfoPlist.strings;
			sourceTree = "<group>";
		};
/* End PBXVariantGroup section */

/* Begin XCBuildConfiguration section */
		362C497E1875438000950782 /* Debug */ = {
			isa = XCBuildConfiguration;
			buildSettings = {
				ALWAYS_SEARCH_USER_PATHS = NO;
				ARCHS = "$(ARCHS_STANDARD_INCLUDING_64_BIT)";
				CLANG_CXX_LANGUAGE_STANDARD = "gnu++0x";
				CLANG_CXX_LIBRARY = "libc++";
				CLANG_ENABLE_MODULES = YES;
				CLANG_ENABLE_OBJC_ARC = YES;
				CLANG_WARN_BOOL_CONVERSION = YES;
				CLANG_WARN_CONSTANT_CONVERSION = YES;
				CLANG_WARN_DIRECT_OBJC_ISA_USAGE = YES_ERROR;
				CLANG_WARN_EMPTY_BODY = YES;
				CLANG_WARN_ENUM_CONVERSION = YES;
				CLANG_WARN_INT_CONVERSION = YES;
				CLANG_WARN_OBJC_ROOT_CLASS = YES_ERROR;
				CLANG_WARN__DUPLICATE_METHOD_MATCH = YES;
				"CODE_SIGN_IDENTITY[sdk=iphoneos*]" = "iPhone Developer";
				COPY_PHASE_STRIP = NO;
				GCC_C_LANGUAGE_STANDARD = gnu99;
				GCC_DYNAMIC_NO_PIC = NO;
				GCC_OPTIMIZATION_LEVEL = 0;
				GCC_PREPROCESSOR_DEFINITIONS = (
					"DEBUG=1",
					"$(inherited)",
				);
				GCC_SYMBOLS_PRIVATE_EXTERN = NO;
				GCC_WARN_64_TO_32_BIT_CONVERSION = YES;
				GCC_WARN_ABOUT_RETURN_TYPE = YES_ERROR;
				GCC_WARN_UNDECLARED_SELECTOR = YES;
				GCC_WARN_UNINITIALIZED_AUTOS = YES;
				GCC_WARN_UNUSED_FUNCTION = YES;
				GCC_WARN_UNUSED_VARIABLE = YES;
				IPHONEOS_DEPLOYMENT_TARGET = 7.0;
				ONLY_ACTIVE_ARCH = YES;
				SDKROOT = iphoneos;
			};
			name = Debug;
		};
		362C497F1875438000950782 /* Release */ = {
			isa = XCBuildConfiguration;
			buildSettings = {
				ALWAYS_SEARCH_USER_PATHS = NO;
				ARCHS = "$(ARCHS_STANDARD_INCLUDING_64_BIT)";
				CLANG_CXX_LANGUAGE_STANDARD = "gnu++0x";
				CLANG_CXX_LIBRARY = "libc++";
				CLANG_ENABLE_MODULES = YES;
				CLANG_ENABLE_OBJC_ARC = YES;
				CLANG_WARN_BOOL_CONVERSION = YES;
				CLANG_WARN_CONSTANT_CONVERSION = YES;
				CLANG_WARN_DIRECT_OBJC_ISA_USAGE = YES_ERROR;
				CLANG_WARN_EMPTY_BODY = YES;
				CLANG_WARN_ENUM_CONVERSION = YES;
				CLANG_WARN_INT_CONVERSION = YES;
				CLANG_WARN_OBJC_ROOT_CLASS = YES_ERROR;
				CLANG_WARN__DUPLICATE_METHOD_MATCH = YES;
				"CODE_SIGN_IDENTITY[sdk=iphoneos*]" = "iPhone Developer";
				COPY_PHASE_STRIP = YES;
				ENABLE_NS_ASSERTIONS = NO;
				GCC_C_LANGUAGE_STANDARD = gnu99;
				GCC_WARN_64_TO_32_BIT_CONVERSION = YES;
				GCC_WARN_ABOUT_RETURN_TYPE = YES_ERROR;
				GCC_WARN_UNDECLARED_SELECTOR = YES;
				GCC_WARN_UNINITIALIZED_AUTOS = YES;
				GCC_WARN_UNUSED_FUNCTION = YES;
				GCC_WARN_UNUSED_VARIABLE = YES;
				IPHONEOS_DEPLOYMENT_TARGET = 7.0;
				SDKROOT = iphoneos;
				VALIDATE_PRODUCT = YES;
			};
			name = Release;
		};
		362C49811875438000950782 /* Debug */ = {
			isa = XCBuildConfiguration;
			baseConfigurationReference = 44DE0F2D5D9A433EBF375A6C /* Pods-Away Day 2014.xcconfig */;
			buildSettings = {
				ASSETCATALOG_COMPILER_APPICON_NAME = AppIcon;
				ASSETCATALOG_COMPILER_LAUNCHIMAGE_NAME = LaunchImage;
				CODE_SIGN_IDENTITY = "iPhone Developer";
				"CODE_SIGN_IDENTITY[sdk=iphoneos*]" = "iPhone Developer";
				GCC_PRECOMPILE_PREFIX_HEADER = YES;
				GCC_PREFIX_HEADER = "Pan Africa Away Day/Away Day 2014-Prefix.pch";
				INFOPLIST_FILE = "Pan Africa Away Day/Away Day 2014-Info.plist";
				IPHONEOS_DEPLOYMENT_TARGET = 7.0;
				PRODUCT_NAME = "Away Day 2014";
				PROVISIONING_PROFILE = "";
				TARGETED_DEVICE_FAMILY = 1;
				USER_HEADER_SEARCH_PATHS = "\"${PROJECT_DIR}/Pods\"/**";
				WRAPPER_EXTENSION = app;
			};
			name = Debug;
		};
		362C49821875438000950782 /* Release */ = {
			isa = XCBuildConfiguration;
			baseConfigurationReference = 44DE0F2D5D9A433EBF375A6C /* Pods-Away Day 2014.xcconfig */;
			buildSettings = {
				ASSETCATALOG_COMPILER_APPICON_NAME = AppIcon;
				ASSETCATALOG_COMPILER_LAUNCHIMAGE_NAME = LaunchImage;
				CODE_SIGN_IDENTITY = "iPhone Developer";
				"CODE_SIGN_IDENTITY[sdk=iphoneos*]" = "iPhone Developer";
				GCC_PRECOMPILE_PREFIX_HEADER = YES;
				GCC_PREFIX_HEADER = "Pan Africa Away Day/Away Day 2014-Prefix.pch";
				INFOPLIST_FILE = "Pan Africa Away Day/Away Day 2014-Info.plist";
				IPHONEOS_DEPLOYMENT_TARGET = 7.0;
				PRODUCT_NAME = "Away Day 2014";
				PROVISIONING_PROFILE = "";
				TARGETED_DEVICE_FAMILY = 1;
				USER_HEADER_SEARCH_PATHS = "\"${PROJECT_DIR}/Pods\"/**";
				WRAPPER_EXTENSION = app;
			};
			name = Release;
		};
		362C49841875438000950782 /* Debug */ = {
			isa = XCBuildConfiguration;
			baseConfigurationReference = 482D9AB11B1D429490A286B9 /* Pods-Away Day 2014Tests.xcconfig */;
			buildSettings = {
				ARCHS = "$(ARCHS_STANDARD_INCLUDING_64_BIT)";
				BUNDLE_LOADER = "$(BUILT_PRODUCTS_DIR)/Away Day 2014.app/Away Day 2014";
				FRAMEWORK_SEARCH_PATHS = (
					"$(SDKROOT)/Developer/Library/Frameworks",
					"$(inherited)",
					"$(DEVELOPER_FRAMEWORKS_DIR)",
				);
				GCC_PRECOMPILE_PREFIX_HEADER = YES;
				GCC_PREFIX_HEADER = "Pan Africa Away Day/Away Day 2014-Prefix.pch";
				GCC_PREPROCESSOR_DEFINITIONS = (
					"DEBUG=1",
					"$(inherited)",
				);
				INFOPLIST_FILE = "Pan Africa Away DayTests/Away Day 2014Tests-Info.plist";
				PRODUCT_NAME = "Away Day 2014Tests";
				TEST_HOST = "$(BUNDLE_LOADER)";
				WRAPPER_EXTENSION = xctest;
			};
			name = Debug;
		};
		362C49851875438000950782 /* Release */ = {
			isa = XCBuildConfiguration;
			baseConfigurationReference = 482D9AB11B1D429490A286B9 /* Pods-Away Day 2014Tests.xcconfig */;
			buildSettings = {
				ARCHS = "$(ARCHS_STANDARD_INCLUDING_64_BIT)";
				BUNDLE_LOADER = "$(BUILT_PRODUCTS_DIR)/Away Day 2014.app/Away Day 2014";
				FRAMEWORK_SEARCH_PATHS = (
					"$(SDKROOT)/Developer/Library/Frameworks",
					"$(inherited)",
					"$(DEVELOPER_FRAMEWORKS_DIR)",
				);
				GCC_PRECOMPILE_PREFIX_HEADER = YES;
				GCC_PREFIX_HEADER = "Pan Africa Away Day/Away Day 2014-Prefix.pch";
				INFOPLIST_FILE = "Pan Africa Away DayTests/Away Day 2014Tests-Info.plist";
				PRODUCT_NAME = "Away Day 2014Tests";
				TEST_HOST = "$(BUNDLE_LOADER)";
				WRAPPER_EXTENSION = xctest;
			};
			name = Release;
		};
/* End XCBuildConfiguration section */

/* Begin XCConfigurationList section */
		362C49491875437F00950782 /* Build configuration list for PBXProject "Away Day 2014" */ = {
			isa = XCConfigurationList;
			buildConfigurations = (
				362C497E1875438000950782 /* Debug */,
				362C497F1875438000950782 /* Release */,
			);
			defaultConfigurationIsVisible = 0;
			defaultConfigurationName = Release;
		};
		362C49801875438000950782 /* Build configuration list for PBXNativeTarget "Away Day 2014" */ = {
			isa = XCConfigurationList;
			buildConfigurations = (
				362C49811875438000950782 /* Debug */,
				362C49821875438000950782 /* Release */,
			);
			defaultConfigurationIsVisible = 0;
			defaultConfigurationName = Release;
		};
		362C49831875438000950782 /* Build configuration list for PBXNativeTarget "Away Day 2014Tests" */ = {
			isa = XCConfigurationList;
			buildConfigurations = (
				362C49841875438000950782 /* Debug */,
				362C49851875438000950782 /* Release */,
			);
			defaultConfigurationIsVisible = 0;
			defaultConfigurationName = Release;
		};
/* End XCConfigurationList section */

/* Begin XCVersionGroup section */
		362C49651875438000950782 /* Pan_Africa_Away_Day.xcdatamodeld */ = {
			isa = XCVersionGroup;
			children = (
				362C49661875438000950782 /* Pan_Africa_Away_Day.xcdatamodel */,
			);
			currentVersion = 362C49661875438000950782 /* Pan_Africa_Away_Day.xcdatamodel */;
			path = Pan_Africa_Away_Day.xcdatamodeld;
			sourceTree = "<group>";
			versionGroupType = wrapper.xcdatamodel;
		};
/* End XCVersionGroup section */
	};
	rootObject = 362C49461875437F00950782 /* Project object */;
}
